<?xml version="1.0" encoding="utf-8"?>
<Project ToolsVersion="4.0" xmlns="http://schemas.microsoft.com/developer/msbuild/2003">
  <ItemGroup>
    <Filter Include="src">
      <UniqueIdentifier>{aaa16f07-0f93-47b5-8dd6-4718dac8cba9}</UniqueIdentifier>
    </Filter>
  </ItemGroup>
  <ItemGroup>
    <ClCompile Include="src\main.cpp">
      <Filter>src</Filter>
    </ClCompile>
    <ClCompile Include="src\matrix.cpp">
      <Filter>src</Filter>
    </ClCompile>
    <ClCompile Include="src\matrix_csr.cpp">
      <Filter>src</Filter>
    </ClCompile>
  </ItemGroup>
  <ItemGroup>
    <ClInclude Include="src\math.h">
      <Filter>src</Filter>
    </ClInclude>
    <ClInclude Include="src\matrix.h">
      <Filter>src</Filter>
    </ClInclude>
    <ClInclude Include="src\matrix_csr.h">
      <Filter>src</Filter>
    </ClInclude>
    <ClInclude Include="src\def.h">
      <Filter>src</Filter>
    </ClInclude>
  </ItemGroup>
</Project>